{
  "name": "iris-ml-pipeline",
  "lockfileVersion": 3,
  "requires": true,
  "packages": {
    "": {
      "dependencies": {
        "cml": "^0.0.0"
      }
    },
    "node_modules/cml": {
      "version": "0.0.0",
      "resolved": "https://registry.npmjs.org/cml/-/cml-0.0.0.tgz",
      "integrity": "sha512-LBxcxuN4+Lh7q5LkZHSB5m+U9R1Ohd6RGKZEBzph8ApZt5/CQzZG/MgEY72xTEnBOje2+hUP5HztellnSBw/1A==",
      "license": "ISC"
    }
  }
}
